[[package]]
name = "invoke"
version = "1.7.1"
description = "Pythonic task execution"
category = "main"
optional = false
python-versions = "*"

[metadata]
lock-version = "1.1"
python-versions = "^3.10"
content-hash = "f9378eaa6bf655bdc3bf4c9f2a0d37f25ed9d86112568268111133d2050b97ce"

[metadata.files]
invoke = [
    {file = "invoke-1.7.1-py3-none-any.whl", hash = "sha256:2dc975b4f92be0c0a174ad2d063010c8a1fdb5e9389d69871001118b4fcac4fb"},
    {file = "invoke-1.7.1.tar.gz", hash = "sha256:7b6deaf585eee0a848205d0b8c0014b9bf6f287a8eb798818a642dff1df14b19"},
]
